
Microsoft Visual Studio Solution File, Format Version 12.00
# Visual Studio 15
VisualStudioVersion = 15.0.28010.2046
MinimumVisualStudioVersion = 10.0.40219.1
Project("{FAE04EC0-301F-11D3-BF4B-00C04F79EFBC}") = "magnificence-pro001", "magnificence-pro001\magnificence-pro001.csproj", "{24D7FB0C-E417-4197-8561-5B6FAAE7950E}"
EndProject
Global
	GlobalSection(SolutionConfigurationPlatforms) = preSolution
		Debug|Any CPU = Debug|Any CPU
		Release|Any CPU = Release|Any CPU
	EndGlobalSection
	GlobalSection(ProjectConfigurationPlatforms) = postSolution
		{24D7FB0C-E417-4197-8561-5B6FAAE7950E}.Debug|Any CPU.ActiveCfg = Debug|Any CPU
		{24D7FB0C-E417-4197-8561-5B6FAAE7950E}.Debug|Any CPU.Build.0 = Debug|Any CPU
		{24D7FB0C-E417-4197-8561-5B6FAAE7950E}.Release|Any CPU.ActiveCfg = Release|Any CPU
		{24D7FB0C-E417-4197-8561-5B6FAAE7950E}.Release|Any CPU.Build.0 = Release|Any CPU
	EndGlobalSection
	GlobalSection(SolutionProperties) = preSolution
		HideSolutionNode = FALSE
	EndGlobalSection
	GlobalSection(ExtensibilityGlobals) = postSolution
		SolutionGuid = {5231947D-ED3F-4CD5-8084-A7536BD588A5}
	EndGlobalSection
EndGlobal
